
Microsoft Visual Studio Solution File, Format Version 12.00
# Visual Studio Version 17
VisualStudioVersion = 17.8.34511.84
MinimumVisualStudioVersion = 10.0.40219.1
Project("{9A19103F-16F7-4668-BE54-9A1E7A4F7556}") = "EzBuy", "EzBuy.csproj", "{5302FEF8-4039-45ED-9798-A42B90EFD82B}"
EndProject
Project("{9A19103F-16F7-4668-BE54-9A1E7A4F7556}") = "ezBuy.DAO.Layer", "..\ezBuy.DAO.Layer\ezBuy.DAO.Layer.csproj", "{74CF7578-3D59-445D-88C2-6565BCA3A0ED}"
EndProject
Project("{FAE04EC0-301F-11D3-BF4B-00C04F79EFBC}") = "ezBuy.Abstractions", "..\ezBuy.Abstractions\ezBuy.Abstractions.csproj", "{C9BFBA2D-4583-41CB-B1F4-E4423CB491D7}"
EndProject
Project("{FAE04EC0-301F-11D3-BF4B-00C04F79EFBC}") = "ezBuy.Business", "..\ezBuy.Business\ezBuy.Business.csproj", "{6B5CE765-2739-4ED8-BC7F-29CED1646975}"
EndProject
Project("{FAE04EC0-301F-11D3-BF4B-00C04F79EFBC}") = "ezBuy.Extensions", "..\ezBuy.Extensions\ezBuy.Extensions.csproj", "{C101924F-06C6-4389-8230-C3BE259824AC}"
EndProject
Project("{FAE04EC0-301F-11D3-BF4B-00C04F79EFBC}") = "ezBuy.Controllers", "..\ezBuy.Controllers\ezBuy.Controllers.csproj", "{5574290C-42A0-4A3A-A6EA-20E52CF9F0BB}"
EndProject
Global
	GlobalSection(SolutionConfigurationPlatforms) = preSolution
		Debug|Any CPU = Debug|Any CPU
		Release|Any CPU = Release|Any CPU
	EndGlobalSection
	GlobalSection(ProjectConfigurationPlatforms) = postSolution
		{5302FEF8-4039-45ED-9798-A42B90EFD82B}.Debug|Any CPU.ActiveCfg = Debug|Any CPU
		{5302FEF8-4039-45ED-9798-A42B90EFD82B}.Debug|Any CPU.Build.0 = Debug|Any CPU
		{5302FEF8-4039-45ED-9798-A42B90EFD82B}.Release|Any CPU.ActiveCfg = Release|Any CPU
		{5302FEF8-4039-45ED-9798-A42B90EFD82B}.Release|Any CPU.Build.0 = Release|Any CPU
		{74CF7578-3D59-445D-88C2-6565BCA3A0ED}.Debug|Any CPU.ActiveCfg = Debug|Any CPU
		{74CF7578-3D59-445D-88C2-6565BCA3A0ED}.Debug|Any CPU.Build.0 = Debug|Any CPU
		{74CF7578-3D59-445D-88C2-6565BCA3A0ED}.Release|Any CPU.ActiveCfg = Release|Any CPU
		{74CF7578-3D59-445D-88C2-6565BCA3A0ED}.Release|Any CPU.Build.0 = Release|Any CPU
		{C9BFBA2D-4583-41CB-B1F4-E4423CB491D7}.Debug|Any CPU.ActiveCfg = Debug|Any CPU
		{C9BFBA2D-4583-41CB-B1F4-E4423CB491D7}.Debug|Any CPU.Build.0 = Debug|Any CPU
		{C9BFBA2D-4583-41CB-B1F4-E4423CB491D7}.Release|Any CPU.ActiveCfg = Release|Any CPU
		{C9BFBA2D-4583-41CB-B1F4-E4423CB491D7}.Release|Any CPU.Build.0 = Release|Any CPU
		{6B5CE765-2739-4ED8-BC7F-29CED1646975}.Debug|Any CPU.ActiveCfg = Debug|Any CPU
		{6B5CE765-2739-4ED8-BC7F-29CED1646975}.Debug|Any CPU.Build.0 = Debug|Any CPU
		{6B5CE765-2739-4ED8-BC7F-29CED1646975}.Release|Any CPU.ActiveCfg = Release|Any CPU
		{6B5CE765-2739-4ED8-BC7F-29CED1646975}.Release|Any CPU.Build.0 = Release|Any CPU
		{C101924F-06C6-4389-8230-C3BE259824AC}.Debug|Any CPU.ActiveCfg = Debug|Any CPU
		{C101924F-06C6-4389-8230-C3BE259824AC}.Debug|Any CPU.Build.0 = Debug|Any CPU
		{C101924F-06C6-4389-8230-C3BE259824AC}.Release|Any CPU.ActiveCfg = Release|Any CPU
		{C101924F-06C6-4389-8230-C3BE259824AC}.Release|Any CPU.Build.0 = Release|Any CPU
		{5574290C-42A0-4A3A-A6EA-20E52CF9F0BB}.Debug|Any CPU.ActiveCfg = Debug|Any CPU
		{5574290C-42A0-4A3A-A6EA-20E52CF9F0BB}.Debug|Any CPU.Build.0 = Debug|Any CPU
		{5574290C-42A0-4A3A-A6EA-20E52CF9F0BB}.Release|Any CPU.ActiveCfg = Release|Any CPU
		{5574290C-42A0-4A3A-A6EA-20E52CF9F0BB}.Release|Any CPU.Build.0 = Release|Any CPU
	EndGlobalSection
	GlobalSection(SolutionProperties) = preSolution
		HideSolutionNode = FALSE
	EndGlobalSection
	GlobalSection(ExtensibilityGlobals) = postSolution
		SolutionGuid = {31DF56DE-2DA4-434A-95AA-0DD154194CA5}
	EndGlobalSection
EndGlobal
